
Microsoft Visual Studio Solution File, Format Version 12.00
# Visual Studio Version 16
VisualStudioVersion = 16.0.30907.101
MinimumVisualStudioVersion = 10.0.40219.1
Project("{FAE04EC0-301F-11D3-BF4B-00C04F79EFBC}") = "DotNetKonfWASM.Web", "DotNetKonfWASM.Web\DotNetKonfWASM.Web.csproj", "{3827AC7C-7329-4CAB-9F0E-AF0048B6B6D3}"
EndProject
Global
	GlobalSection(SolutionConfigurationPlatforms) = preSolution
		Debug|Any CPU = Debug|Any CPU
		Release|Any CPU = Release|Any CPU
	EndGlobalSection
	GlobalSection(ProjectConfigurationPlatforms) = postSolution
		{3827AC7C-7329-4CAB-9F0E-AF0048B6B6D3}.Debug|Any CPU.ActiveCfg = Debug|Any CPU
		{3827AC7C-7329-4CAB-9F0E-AF0048B6B6D3}.Debug|Any CPU.Build.0 = Debug|Any CPU
		{3827AC7C-7329-4CAB-9F0E-AF0048B6B6D3}.Release|Any CPU.ActiveCfg = Release|Any CPU
		{3827AC7C-7329-4CAB-9F0E-AF0048B6B6D3}.Release|Any CPU.Build.0 = Release|Any CPU
	EndGlobalSection
	GlobalSection(SolutionProperties) = preSolution
		HideSolutionNode = FALSE
	EndGlobalSection
	GlobalSection(ExtensibilityGlobals) = postSolution
		SolutionGuid = {1AE420F0-26B7-420B-BC8C-8F020923F769}
	EndGlobalSection
EndGlobal
